
Microsoft Visual Studio Solution File, Format Version 12.00
# Visual Studio 15
VisualStudioVersion = 15.0.26124.0
MinimumVisualStudioVersion = 15.0.26124.0
Project("{2150E333-8FDC-42A3-9474-1A3956D46DE8}") = "src", "src", "{B2FEBAF1-2512-417D-9638-E2D6CF816FD9}"
EndProject
Project("{9A19103F-16F7-4668-BE54-9A1E7A4F7556}") = "Syntax", "src\Syntax\Syntax.csproj", "{7803BB8B-F98C-4012-AFE1-CBB61EBD0D2E}"
EndProject
Project("{2150E333-8FDC-42A3-9474-1A3956D46DE8}") = "test", "test", "{FB2DE2C5-9E78-422E-ABB8-B05DFA38A05D}"
EndProject
Project("{9A19103F-16F7-4668-BE54-9A1E7A4F7556}") = "Syntax.Tests", "test\Syntax.Tests\Syntax.Tests.csproj", "{78AE6907-A583-42C3-BEAE-2EB90EB0AD7D}"
EndProject
Global
	GlobalSection(SolutionConfigurationPlatforms) = preSolution
		Debug|Any CPU = Debug|Any CPU
		Debug|x64 = Debug|x64
		Debug|x86 = Debug|x86
		Release|Any CPU = Release|Any CPU
		Release|x64 = Release|x64
		Release|x86 = Release|x86
	EndGlobalSection
	GlobalSection(ProjectConfigurationPlatforms) = postSolution
		{7803BB8B-F98C-4012-AFE1-CBB61EBD0D2E}.Debug|Any CPU.ActiveCfg = Debug|Any CPU
		{7803BB8B-F98C-4012-AFE1-CBB61EBD0D2E}.Debug|Any CPU.Build.0 = Debug|Any CPU
		{7803BB8B-F98C-4012-AFE1-CBB61EBD0D2E}.Debug|x64.ActiveCfg = Debug|Any CPU
		{7803BB8B-F98C-4012-AFE1-CBB61EBD0D2E}.Debug|x64.Build.0 = Debug|Any CPU
		{7803BB8B-F98C-4012-AFE1-CBB61EBD0D2E}.Debug|x86.ActiveCfg = Debug|Any CPU
		{7803BB8B-F98C-4012-AFE1-CBB61EBD0D2E}.Debug|x86.Build.0 = Debug|Any CPU
		{7803BB8B-F98C-4012-AFE1-CBB61EBD0D2E}.Release|Any CPU.ActiveCfg = Release|Any CPU
		{7803BB8B-F98C-4012-AFE1-CBB61EBD0D2E}.Release|Any CPU.Build.0 = Release|Any CPU
		{7803BB8B-F98C-4012-AFE1-CBB61EBD0D2E}.Release|x64.ActiveCfg = Release|Any CPU
		{7803BB8B-F98C-4012-AFE1-CBB61EBD0D2E}.Release|x64.Build.0 = Release|Any CPU
		{7803BB8B-F98C-4012-AFE1-CBB61EBD0D2E}.Release|x86.ActiveCfg = Release|Any CPU
		{7803BB8B-F98C-4012-AFE1-CBB61EBD0D2E}.Release|x86.Build.0 = Release|Any CPU
		{78AE6907-A583-42C3-BEAE-2EB90EB0AD7D}.Debug|Any CPU.ActiveCfg = Debug|Any CPU
		{78AE6907-A583-42C3-BEAE-2EB90EB0AD7D}.Debug|Any CPU.Build.0 = Debug|Any CPU
		{78AE6907-A583-42C3-BEAE-2EB90EB0AD7D}.Debug|x64.ActiveCfg = Debug|Any CPU
		{78AE6907-A583-42C3-BEAE-2EB90EB0AD7D}.Debug|x64.Build.0 = Debug|Any CPU
		{78AE6907-A583-42C3-BEAE-2EB90EB0AD7D}.Debug|x86.ActiveCfg = Debug|Any CPU
		{78AE6907-A583-42C3-BEAE-2EB90EB0AD7D}.Debug|x86.Build.0 = Debug|Any CPU
		{78AE6907-A583-42C3-BEAE-2EB90EB0AD7D}.Release|Any CPU.ActiveCfg = Release|Any CPU
		{78AE6907-A583-42C3-BEAE-2EB90EB0AD7D}.Release|Any CPU.Build.0 = Release|Any CPU
		{78AE6907-A583-42C3-BEAE-2EB90EB0AD7D}.Release|x64.ActiveCfg = Release|Any CPU
		{78AE6907-A583-42C3-BEAE-2EB90EB0AD7D}.Release|x64.Build.0 = Release|Any CPU
		{78AE6907-A583-42C3-BEAE-2EB90EB0AD7D}.Release|x86.ActiveCfg = Release|Any CPU
		{78AE6907-A583-42C3-BEAE-2EB90EB0AD7D}.Release|x86.Build.0 = Release|Any CPU
	EndGlobalSection
	GlobalSection(SolutionProperties) = preSolution
		HideSolutionNode = FALSE
	EndGlobalSection
	GlobalSection(NestedProjects) = preSolution
		{7803BB8B-F98C-4012-AFE1-CBB61EBD0D2E} = {B2FEBAF1-2512-417D-9638-E2D6CF816FD9}
		{78AE6907-A583-42C3-BEAE-2EB90EB0AD7D} = {FB2DE2C5-9E78-422E-ABB8-B05DFA38A05D}
	EndGlobalSection
	GlobalSection(ExtensibilityGlobals) = postSolution
		SolutionGuid = {5FA18D88-CB36-4ADF-93FB-744E7B86C2C9}
	EndGlobalSection
EndGlobal
